// !$*UTF8*$!
{
    archiveVersion = 1;
    classes = {};
    objectVersion = 54;
    objects = {
        33CC10EC2044A3C60003C045 = {
            isa = PBXProject;
            buildConfigurationList = 33CC10ED2044A3C60003C045;
            compatibilityVersion = "Xcode 9.3";
            hasScannedForEncodings = 0;
            mainGroup = 33CC10E92044A3C60003C045;
        };
    };
}
